// !$*UTF8*$!
{
	archiveVersion = 1;
	classes = {
	};
	objectVersion = 50;
	objects = {

/* Begin PBXGroup section */
		0D57DE1B210A0FAC00456E81 = {
			isa = PBXGroup;
			children = (
			);
			sourceTree = "<group>";
		};
/* End PBXGroup section */

/* Begin PBXProject section */
		0D57DE1C210A0FAC00456E81 /* Project object */ = {
			isa = PBXProject;
			attributes = {
				LastUpgradeCheck = 0940;
			};
			buildConfigurationList = 0D57DE1F210A0FAC00456E81 /* Build configuration list for PBXProject "data_structures" */;
			compatibilityVersion = "Xcode 9.3";
			developmentRegion = en;
			hasScannedForEncodings = 0;
			knownRegions = (
				en,
			);
			mainGroup = 0D57DE1B210A0FAC00456E81;
			projectDirPath = "";
			projectRoot = "";
			targets = (
			);
		};
/* End PBXProject section */

/* Begin XCBuildConfiguration section */
		0D57DE20210A0FAC00456E81 /* Debug */ = {
			isa = XCBuildConfiguration;
			buildSettings = {
			};
			name = Debug;
		};
		0D57DE21210A0FAC00456E81 /* Release */ = {
			isa = XCBuildConfiguration;
			buildSettings = {
			};
			name = Release;
		};
/* End XCBuildConfiguration section */

/* Begin XCConfigurationList section */
		0D57DE1F210A0FAC00456E81 /* Build configuration list for PBXProject "data_structures" */ = {
			isa = XCConfigurationList;
			buildConfigurations = (
				0D57DE20210A0FAC00456E81 /* Debug */,
				0D57DE21210A0FAC00456E81 /* Release */,
			);
			defaultConfigurationIsVisible = 0;
			defaultConfigurationName = Release;
		};
/* End XCConfigurationList section */
	};
	rootObject = 0D57DE1C210A0FAC00456E81 /* Project object */;
}
